
Microsoft Visual Studio Solution File, Format Version 12.00
# Visual Studio Version 17
VisualStudioVersion = 17.2.32630.192
MinimumVisualStudioVersion = 10.0.40219.1
Project("{FAE04EC0-301F-11D3-BF4B-00C04F79EFBC}") = "Algorithm", "Algorithm\Algorithm.csproj", "{1CDC54D1-C3F0-4CCE-A134-29955CDB3E17}"
EndProject
Global
	GlobalSection(SolutionConfigurationPlatforms) = preSolution
		Debug|Any CPU = Debug|Any CPU
		Release|Any CPU = Release|Any CPU
	EndGlobalSection
	GlobalSection(ProjectConfigurationPlatforms) = postSolution
		{1CDC54D1-C3F0-4CCE-A134-29955CDB3E17}.Debug|Any CPU.ActiveCfg = Debug|Any CPU
		{1CDC54D1-C3F0-4CCE-A134-29955CDB3E17}.Debug|Any CPU.Build.0 = Debug|Any CPU
		{1CDC54D1-C3F0-4CCE-A134-29955CDB3E17}.Release|Any CPU.ActiveCfg = Release|Any CPU
		{1CDC54D1-C3F0-4CCE-A134-29955CDB3E17}.Release|Any CPU.Build.0 = Release|Any CPU
	EndGlobalSection
	GlobalSection(SolutionProperties) = preSolution
		HideSolutionNode = FALSE
	EndGlobalSection
	GlobalSection(ExtensibilityGlobals) = postSolution
		SolutionGuid = {82D5ECF3-2BE4-4E62-83EA-6DD30184D864}
	EndGlobalSection
EndGlobal
